
Microsoft Visual Studio Solution File, Format Version 12.00
# Visual Studio Version 17
VisualStudioVersion = 17.11.35208.52
MinimumVisualStudioVersion = 10.0.40219.1
Project("{FAE04EC0-301F-11D3-BF4B-00C04F79EFBC}") = "Tutorial2_5", "Tutorial2_5\Tutorial2_5.csproj", "{D70399B7-1131-4EA9-9550-F2C85517A54A}"
EndProject
Global
	GlobalSection(SolutionConfigurationPlatforms) = preSolution
		Debug|Any CPU = Debug|Any CPU
		Release|Any CPU = Release|Any CPU
	EndGlobalSection
	GlobalSection(ProjectConfigurationPlatforms) = postSolution
		{D70399B7-1131-4EA9-9550-F2C85517A54A}.Debug|Any CPU.ActiveCfg = Debug|Any CPU
		{D70399B7-1131-4EA9-9550-F2C85517A54A}.Debug|Any CPU.Build.0 = Debug|Any CPU
		{D70399B7-1131-4EA9-9550-F2C85517A54A}.Release|Any CPU.ActiveCfg = Release|Any CPU
		{D70399B7-1131-4EA9-9550-F2C85517A54A}.Release|Any CPU.Build.0 = Release|Any CPU
	EndGlobalSection
	GlobalSection(SolutionProperties) = preSolution
		HideSolutionNode = FALSE
	EndGlobalSection
	GlobalSection(ExtensibilityGlobals) = postSolution
		SolutionGuid = {75607E61-BCEB-4799-85B4-E3D8EB4CBCBA}
	EndGlobalSection
EndGlobal
